{
  "originHash" : "9e34d7a176f8db883b6e4ff81f628342ddd8942a8f16f146a26d6bb00cea616e",
  "pins" : [
    {
      "identity" : "floatingprompttextfield",
      "kind" : "remoteSourceControl",
      "location" : "https://github.com/EmilioPelaez/FloatingPromptTextField",
      "state" : {
        "revision" : "eac6ebeed385c7527eab8e63eb0371708a271b12",
        "version" : "0.4.0"
      }
    },
    {
      "identity" : "inject",
      "kind" : "remoteSourceControl",
      "location" : "https://github.com/krzysztofzablocki/Inject",
      "state" : {
        "revision" : "728c56639ecb3df441d51d5bc6747329afabcfc9",
        "version" : "1.5.2"
      }
    }
  ],
  "version" : 3
}
