// !$*UTF8*$!
{
	archiveVersion = 1;
	classes = {
	};
	objectVersion = 77;
	objects = {

/* Begin PBXContainerItemProxy section */
		912D4BBB2DAA278500F4BE80 /* PBXContainerItemProxy */ = {
			isa = PBXContainerItemProxy;
			containerPortal = 912D4BA52DAA278400F4BE80 /* Project object */;
			proxyType = 1;
			remoteGlobalIDString = 912D4BAC2DAA278500F4BE80;
			remoteInfo = DevTaskManager;
		};
		912D4BC52DAA278500F4BE80 /* PBXContainerItemProxy */ = {
			isa = PBXContainerItemProxy;
			containerPortal = 912D4BA52DAA278400F4BE80 /* Project object */;
			proxyType = 1;
			remoteGlobalIDString = 912D4BAC2DAA278500F4BE80;
			remoteInfo = DevTaskManager;
		};
/* End PBXContainerItemProxy section */

/* Begin PBXFileReference section */
		912D4BAD2DAA278500F4BE80 /* DevTaskManager.app */ = {isa = PBXFileReference; explicitFileType = wrapper.application; includeInIndex = 0; path = DevTaskManager.app; sourceTree = BUILT_PRODUCTS_DIR; };
		912D4BBA2DAA278500F4BE80 /* DevTaskManagerTests.xctest */ = {isa = PBXFileReference; explicitFileType = wrapper.cfbundle; includeInIndex = 0; path = DevTaskManagerTests.xctest; sourceTree = BUILT_PRODUCTS_DIR; };
		912D4BC42DAA278500F4BE80 /* DevTaskManagerUITests.xctest */ = {isa = PBXFileReference; explicitFileType = wrapper.cfbundle; includeInIndex = 0; path = DevTaskManagerUITests.xctest; sourceTree = BUILT_PRODUCTS_DIR; };
		915DB7C72DECE6DE007D8471 /* DevTaskManagerTests.xctestplan */ = {isa = PBXFileReference; lastKnownFileType = text; path = DevTaskManagerTests.xctestplan; sourceTree = "<group>"; };
		91BB680F2F49741000FA6035 /* DevTaskManagerMac.xctest */ = {isa = PBXFileReference; explicitFileType = wrapper.cfbundle; includeInIndex = 0; path = DevTaskManagerMac.xctest; sourceTree = BUILT_PRODUCTS_DIR; };
/* End PBXFileReference section */

/* Begin PBXFileSystemSynchronizedBuildFileExceptionSet section */
		91BB681D2F4975FD00FA6035 /* Exceptions for "DevTaskManager" folder in "DevTaskManagerMac" target */ = {
			isa = PBXFileSystemSynchronizedBuildFileExceptionSet;
			membershipExceptions = (
				Assets.xcassets,
				Constants.swift,
				DevTaskManagerApp.swift,
				Documentatiion/ACTUAL_FIX_APPLIED.md,
				Documentatiion/COMPILATION_ERROR_FIX.md,
				Documentatiion/COMPILATION_FIXES_APPLIED.md,
				Documentatiion/COMPILER_TYPE_CHECK_FIX.md,
				Documentatiion/COMPLETE_FIX_GUIDE.md,
				Documentatiion/CROSS_PLATFORM_EXTENSIONS_SUMMARY.md,
				Documentatiion/DASHBOARD_DOCUMENTATION.md,
				Documentatiion/DASHBOARD_INTEGRATION_GUIDE.md,
				Documentatiion/DASHBOARD_INTEGRATION_SUMMARY.md,
				Documentatiion/DASHBOARD_VISUAL_GUIDE.md,
				Documentatiion/DEFERRED_TASKS_COMPLETE_FIX.md,
				Documentatiion/DEFERRED_TASKS_FIX.md,
				Documentatiion/DOCUMENTATION_CREATION_SUMMARY.md,
				Documentatiion/DOCUMENTATION_INDEX.md,
				Documentatiion/DOCUMENTATION_ORGANIZATION_GUIDE.md,
				Documentatiion/DOCUMENTATION_README.md,
				Documentatiion/DocumentationINJECT_REMOVAL_SUMMARY.md,
				Documentatiion/EXISTING_MAINMENUVIEW_INTEGRATION.md,
				Documentatiion/FINAL_FIX_SUMMARY.md,
				Documentatiion/FINAL_PREVIEW_FIX.md,
				Documentatiion/fix_macos_compatibility.sh,
				Documentatiion/FIX_REMAINING_ERRORS.md,
				Documentatiion/IMPLEMENTATION_STATUS_REPORT.md,
				Documentatiion/INJECT_REMOVAL_SUMMARY.md,
				Documentatiion/MACOS_ADAPTIVE_MAINMENU.md,
				Documentatiion/MACOS_FINAL_SUMMARY.md,
				Documentatiion/MACOS_IMPLEMENTATION_SUMMARY.md,
				Documentatiion/MACOS_KEYBOARD_SHORTCUTS.md,
				Documentatiion/MAINMENUVIEW_DOCUMENTATION.md,
				Documentatiion/NAVIGATION_REFACTOR_SUMMARY.md,
				Documentatiion/NAVIGATION_VERIFICATION.md,
				Documentatiion/PDF_EXPORT_DOCUMENTATION.md,
				Documentatiion/PDF_EXPORT_QUICK_REFERENCE.md,
				Documentatiion/PREVIEW_TRAITS_GUIDE.md,
				Documentatiion/PREVIEW_TRAITS_QUICKSTART.md,
				Documentatiion/PREVIEW_TRAITS_SUMMARY.md,
				Documentatiion/PROJECT_NAVIGATION_ENHANCEMENT.md,
				Documentatiion/PROJECT_TASK_RELATIONSHIP_FIX.md,
				Documentatiion/PROJECT_TESTS_DOCUMENTATION.md,
				Documentatiion/PROJECTLISTVIEW_DOCUMENTATION.md,
				Documentatiion/REPORTS_VIEW_RENAME_GUIDE.md,
				Documentatiion/SAMPLE_DATA_GUIDE.md,
				Documentatiion/TASK_CONTEXT_FIX_SUMMARY.md,
				Documentatiion/TASK_PROJECT_RELATIONSHIP_FIX.md,
				Documentatiion/TASKLISTVIEW_DOCUMENTATION.md,
				Documentatiion/TASKLISTVIEW_ENHANCEMENT_SUMMARY.md,
				Documentatiion/TEAM_CHART_LEGEND_ADDED.md,
				Documentatiion/TOAST_IMPLEMENTATION_SUMMARY.md,
				Documentatiion/TOAST_NOTIFICATION_GUIDE.md,
				Documentatiion/USER_CHART_HORIZONTAL_FIX.md,
				Documentatiion/USERLISTVIEW_DOCUMENTATION.md,
				Enums/ComplexityEnum.swift,
				Enums/DevelopmentCategoryEnum.swift,
				Enums/PermissionsEnum.swift,
				Enums/RoleNamesEnum.swift,
				Enums/TaskPriorityEnum.swift,
				Enums/TaskStatusEnum.swift,
				Enums/TaskTypeEnum.swift,
				Log.swift,
				Managers/DatabaseManager.swift,
				Models/Project.swift,
				Models/Role.swift,
				Models/Task.swift,
				Models/TaskItem.swift,
				Models/User.swift,
				Views/DashboardView.swift,
				Views/DetailedReportsView.swift,
				Views/FilterBadgeView.swift,
				Views/MainMenuView.swift,
				"Views/ModelContainer+SampleData.swift",
				Views/NavigationDestination.swift,
				Views/PDFReportGenerator.swift,
				Views/PlatformHelpers.swift,
				Views/ProjectDetailView.swift,
				Views/ProjectListView.swift,
				Views/ProjectTasksView.swift,
				Views/ReportGenerator.swift,
				Views/ReportShareSheets.swift,
				Views/SampleData.swift,
				Views/SampleDataPreviewModifier.swift,
				Views/SimpleReportsView.swift,
				Views/TASK_CANCEL_FIX_SUMMARY.md,
				Views/TASK_CANCEL_NAVIGATION_FIX.md,
				Views/TaskDetailView.swift,
				Views/TaskListView.swift,
				Views/ToastView.swift,
				Views/USER_CANCEL_FIX_SUMMARY.md,
				Views/UserDetailView.swift,
				Views/UserListView.swift,
				Views/UserTasksView.swift,
				Views/ViewsDesignSystem.swift,
			);
			target = 91BB680E2F49741000FA6035 /* DevTaskManagerMac */;
		};
/* End PBXFileSystemSynchronizedBuildFileExceptionSet section */

/* Begin PBXFileSystemSynchronizedRootGroup section */
		912D4BAF2DAA278500F4BE80 /* DevTaskManager */ = {
			isa = PBXFileSystemSynchronizedRootGroup;
			exceptions = (
				91BB681D2F4975FD00FA6035 /* Exceptions for "DevTaskManager" folder in "DevTaskManagerMac" target */,
			);
			path = DevTaskManager;
			sourceTree = "<group>";
		};
		912D4BBD2DAA278500F4BE80 /* DevTaskManagerTests */ = {
			isa = PBXFileSystemSynchronizedRootGroup;
			path = DevTaskManagerTests;
			sourceTree = "<group>";
		};
		912D4BC72DAA278500F4BE80 /* DevTaskManagerUITests */ = {
			isa = PBXFileSystemSynchronizedRootGroup;
			path = DevTaskManagerUITests;
			sourceTree = "<group>";
		};
		91BB68102F49741000FA6035 /* DevTaskManagerMac */ = {
			isa = PBXFileSystemSynchronizedRootGroup;
			path = DevTaskManagerMac;
			sourceTree = "<group>";
		};
/* End PBXFileSystemSynchronizedRootGroup section */

/* Begin PBXFrameworksBuildPhase section */
		912D4BAA2DAA278500F4BE80 /* Frameworks */ = {
			isa = PBXFrameworksBuildPhase;
			buildActionMask = 2147483647;
			files = (
			);
			runOnlyForDeploymentPostprocessing = 0;
		};
		912D4BB72DAA278500F4BE80 /* Frameworks */ = {
			isa = PBXFrameworksBuildPhase;
			buildActionMask = 2147483647;
			files = (
			);
			runOnlyForDeploymentPostprocessing = 0;
		};
		912D4BC12DAA278500F4BE80 /* Frameworks */ = {
			isa = PBXFrameworksBuildPhase;
			buildActionMask = 2147483647;
			files = (
			);
			runOnlyForDeploymentPostprocessing = 0;
		};
		91BB680C2F49741000FA6035 /* Frameworks */ = {
			isa = PBXFrameworksBuildPhase;
			buildActionMask = 2147483647;
			files = (
			);
			runOnlyForDeploymentPostprocessing = 0;
		};
/* End PBXFrameworksBuildPhase section */

/* Begin PBXGroup section */
		912D4BA42DAA278400F4BE80 = {
			isa = PBXGroup;
			children = (
				915DB7C72DECE6DE007D8471 /* DevTaskManagerTests.xctestplan */,
				912D4BAF2DAA278500F4BE80 /* DevTaskManager */,
				912D4BBD2DAA278500F4BE80 /* DevTaskManagerTests */,
				912D4BC72DAA278500F4BE80 /* DevTaskManagerUITests */,
				91BB68102F49741000FA6035 /* DevTaskManagerMac */,
				912D4C3B2DAD9A9300F4BE80 /* Frameworks */,
				912D4BAE2DAA278500F4BE80 /* Products */,
			);
			sourceTree = "<group>";
		};
		912D4BAE2DAA278500F4BE80 /* Products */ = {
			isa = PBXGroup;
			children = (
				912D4BAD2DAA278500F4BE80 /* DevTaskManager.app */,
				912D4BBA2DAA278500F4BE80 /* DevTaskManagerTests.xctest */,
				912D4BC42DAA278500F4BE80 /* DevTaskManagerUITests.xctest */,
				91BB680F2F49741000FA6035 /* DevTaskManagerMac.xctest */,
			);
			name = Products;
			sourceTree = "<group>";
		};
		912D4C3B2DAD9A9300F4BE80 /* Frameworks */ = {
			isa = PBXGroup;
			children = (
			);
			name = Frameworks;
			sourceTree = "<group>";
		};
/* End PBXGroup section */

/* Begin PBXNativeTarget section */
		912D4BAC2DAA278500F4BE80 /* DevTaskManager */ = {
			isa = PBXNativeTarget;
			buildConfigurationList = 912D4BCE2DAA278500F4BE80 /* Build configuration list for PBXNativeTarget "DevTaskManager" */;
			buildPhases = (
				912D4BA92DAA278500F4BE80 /* Sources */,
				912D4BAA2DAA278500F4BE80 /* Frameworks */,
				912D4BAB2DAA278500F4BE80 /* Resources */,
			);
			buildRules = (
			);
			dependencies = (
			);
			fileSystemSynchronizedGroups = (
				912D4BAF2DAA278500F4BE80 /* DevTaskManager */,
			);
			name = DevTaskManager;
			packageProductDependencies = (
			);
			productName = DevTaskManager;
			productReference = 912D4BAD2DAA278500F4BE80 /* DevTaskManager.app */;
			productType = "com.apple.product-type.application";
		};
		912D4BB92DAA278500F4BE80 /* DevTaskManagerTests */ = {
			isa = PBXNativeTarget;
			buildConfigurationList = 912D4BD12DAA278500F4BE80 /* Build configuration list for PBXNativeTarget "DevTaskManagerTests" */;
			buildPhases = (
				912D4BB62DAA278500F4BE80 /* Sources */,
				912D4BB72DAA278500F4BE80 /* Frameworks */,
				912D4BB82DAA278500F4BE80 /* Resources */,
			);
			buildRules = (
			);
			dependencies = (
				912D4BBC2DAA278500F4BE80 /* PBXTargetDependency */,
			);
			fileSystemSynchronizedGroups = (
				912D4BBD2DAA278500F4BE80 /* DevTaskManagerTests */,
			);
			name = DevTaskManagerTests;
			packageProductDependencies = (
			);
			productName = DevTaskManagerTests;
			productReference = 912D4BBA2DAA278500F4BE80 /* DevTaskManagerTests.xctest */;
			productType = "com.apple.product-type.bundle.unit-test";
		};
		912D4BC32DAA278500F4BE80 /* DevTaskManagerUITests */ = {
			isa = PBXNativeTarget;
			buildConfigurationList = 912D4BD42DAA278500F4BE80 /* Build configuration list for PBXNativeTarget "DevTaskManagerUITests" */;
			buildPhases = (
				912D4BC02DAA278500F4BE80 /* Sources */,
				912D4BC12DAA278500F4BE80 /* Frameworks */,
				912D4BC22DAA278500F4BE80 /* Resources */,
			);
			buildRules = (
			);
			dependencies = (
				912D4BC62DAA278500F4BE80 /* PBXTargetDependency */,
			);
			fileSystemSynchronizedGroups = (
				912D4BC72DAA278500F4BE80 /* DevTaskManagerUITests */,
			);
			name = DevTaskManagerUITests;
			packageProductDependencies = (
			);
			productName = DevTaskManagerUITests;
			productReference = 912D4BC42DAA278500F4BE80 /* DevTaskManagerUITests.xctest */;
			productType = "com.apple.product-type.bundle.ui-testing";
		};
		91BB680E2F49741000FA6035 /* DevTaskManagerMac */ = {
			isa = PBXNativeTarget;
			buildConfigurationList = 91BB68132F49741000FA6035 /* Build configuration list for PBXNativeTarget "DevTaskManagerMac" */;
			buildPhases = (
				91BB680B2F49741000FA6035 /* Sources */,
				91BB680C2F49741000FA6035 /* Frameworks */,
				91BB680D2F49741000FA6035 /* Resources */,
			);
			buildRules = (
			);
			dependencies = (
			);
			fileSystemSynchronizedGroups = (
				91BB68102F49741000FA6035 /* DevTaskManagerMac */,
			);
			name = DevTaskManagerMac;
			packageProductDependencies = (
			);
			productName = DevTaskManagerMac;
			productReference = 91BB680F2F49741000FA6035 /* DevTaskManagerMac.xctest */;
			productType = "com.apple.product-type.bundle.unit-test";
		};
/* End PBXNativeTarget section */

/* Begin PBXProject section */
		912D4BA52DAA278400F4BE80 /* Project object */ = {
			isa = PBXProject;
			attributes = {
				BuildIndependentTargetsInParallel = 1;
				LastSwiftUpdateCheck = 2630;
				LastUpgradeCheck = 2630;
				TargetAttributes = {
					912D4BAC2DAA278500F4BE80 = {
						CreatedOnToolsVersion = 16.3;
					};
					912D4BB92DAA278500F4BE80 = {
						CreatedOnToolsVersion = 16.3;
						TestTargetID = 912D4BAC2DAA278500F4BE80;
					};
					912D4BC32DAA278500F4BE80 = {
						CreatedOnToolsVersion = 16.3;
						TestTargetID = 912D4BAC2DAA278500F4BE80;
					};
					91BB680E2F49741000FA6035 = {
						CreatedOnToolsVersion = 26.3;
					};
				};
			};
			buildConfigurationList = 912D4BA82DAA278400F4BE80 /* Build configuration list for PBXProject "DevTaskManager" */;
			developmentRegion = en;
			hasScannedForEncodings = 0;
			knownRegions = (
				en,
				Base,
			);
			mainGroup = 912D4BA42DAA278400F4BE80;
			minimizedProjectReferenceProxies = 1;
			packageReferences = (
			);
			preferredProjectObjectVersion = 77;
			productRefGroup = 912D4BAE2DAA278500F4BE80 /* Products */;
			projectDirPath = "";
			projectRoot = "";
			targets = (
				912D4BAC2DAA278500F4BE80 /* DevTaskManager */,
				912D4BB92DAA278500F4BE80 /* DevTaskManagerTests */,
				912D4BC32DAA278500F4BE80 /* DevTaskManagerUITests */,
				91BB680E2F49741000FA6035 /* DevTaskManagerMac */,
			);
		};
/* End PBXProject section */

/* Begin PBXResourcesBuildPhase section */
		912D4BAB2DAA278500F4BE80 /* Resources */ = {
			isa = PBXResourcesBuildPhase;
			buildActionMask = 2147483647;
			files = (
			);
			runOnlyForDeploymentPostprocessing = 0;
		};
		912D4BB82DAA278500F4BE80 /* Resources */ = {
			isa = PBXResourcesBuildPhase;
			buildActionMask = 2147483647;
			files = (
			);
			runOnlyForDeploymentPostprocessing = 0;
		};
		912D4BC22DAA278500F4BE80 /* Resources */ = {
			isa = PBXResourcesBuildPhase;
			buildActionMask = 2147483647;
			files = (
			);
			runOnlyForDeploymentPostprocessing = 0;
		};
		91BB680D2F49741000FA6035 /* Resources */ = {
			isa = PBXResourcesBuildPhase;
			buildActionMask = 2147483647;
			files = (
			);
			runOnlyForDeploymentPostprocessing = 0;
		};
/* End PBXResourcesBuildPhase section */

/* Begin PBXSourcesBuildPhase section */
		912D4BA92DAA278500F4BE80 /* Sources */ = {
			isa = PBXSourcesBuildPhase;
			buildActionMask = 2147483647;
			files = (
			);
			runOnlyForDeploymentPostprocessing = 0;
		};
		912D4BB62DAA278500F4BE80 /* Sources */ = {
			isa = PBXSourcesBuildPhase;
			buildActionMask = 2147483647;
			files = (
			);
			runOnlyForDeploymentPostprocessing = 0;
		};
		912D4BC02DAA278500F4BE80 /* Sources */ = {
			isa = PBXSourcesBuildPhase;
			buildActionMask = 2147483647;
			files = (
			);
			runOnlyForDeploymentPostprocessing = 0;
		};
		91BB680B2F49741000FA6035 /* Sources */ = {
			isa = PBXSourcesBuildPhase;
			buildActionMask = 2147483647;
			files = (
			);
			runOnlyForDeploymentPostprocessing = 0;
		};
/* End PBXSourcesBuildPhase section */

/* Begin PBXTargetDependency section */
		912D4BBC2DAA278500F4BE80 /* PBXTargetDependency */ = {
			isa = PBXTargetDependency;
			target = 912D4BAC2DAA278500F4BE80 /* DevTaskManager */;
			targetProxy = 912D4BBB2DAA278500F4BE80 /* PBXContainerItemProxy */;
		};
		912D4BC62DAA278500F4BE80 /* PBXTargetDependency */ = {
			isa = PBXTargetDependency;
			target = 912D4BAC2DAA278500F4BE80 /* DevTaskManager */;
			targetProxy = 912D4BC52DAA278500F4BE80 /* PBXContainerItemProxy */;
		};
/* End PBXTargetDependency section */

/* Begin XCBuildConfiguration section */
		912D4BCC2DAA278500F4BE80 /* Debug */ = {
			isa = XCBuildConfiguration;
			buildSettings = {
				ALWAYS_SEARCH_USER_PATHS = NO;
				ASSETCATALOG_COMPILER_GENERATE_SWIFT_ASSET_SYMBOL_EXTENSIONS = YES;
				CLANG_ANALYZER_NONNULL = YES;
				CLANG_ANALYZER_NUMBER_OBJECT_CONVERSION = YES_AGGRESSIVE;
				CLANG_CXX_LANGUAGE_STANDARD = "gnu++20";
				CLANG_ENABLE_MODULES = YES;
				CLANG_ENABLE_OBJC_ARC = YES;
				CLANG_ENABLE_OBJC_WEAK = YES;
				CLANG_WARN_BLOCK_CAPTURE_AUTORELEASING = YES;
				CLANG_WARN_BOOL_CONVERSION = YES;
				CLANG_WARN_COMMA = YES;
				CLANG_WARN_CONSTANT_CONVERSION = YES;
				CLANG_WARN_DEPRECATED_OBJC_IMPLEMENTATIONS = YES;
				CLANG_WARN_DIRECT_OBJC_ISA_USAGE = YES_ERROR;
				CLANG_WARN_DOCUMENTATION_COMMENTS = YES;
				CLANG_WARN_EMPTY_BODY = YES;
				CLANG_WARN_ENUM_CONVERSION = YES;
				CLANG_WARN_INFINITE_RECURSION = YES;
				CLANG_WARN_INT_CONVERSION = YES;
				CLANG_WARN_NON_LITERAL_NULL_CONVERSION = YES;
				CLANG_WARN_OBJC_IMPLICIT_RETAIN_SELF = YES;
				CLANG_WARN_OBJC_LITERAL_CONVERSION = YES;
				CLANG_WARN_OBJC_ROOT_CLASS = YES_ERROR;
				CLANG_WARN_QUOTED_INCLUDE_IN_FRAMEWORK_HEADER = YES;
				CLANG_WARN_RANGE_LOOP_ANALYSIS = YES;
				CLANG_WARN_STRICT_PROTOTYPES = YES;
				CLANG_WARN_SUSPICIOUS_MOVE = YES;
				CLANG_WARN_UNGUARDED_AVAILABILITY = YES_AGGRESSIVE;
				CLANG_WARN_UNREACHABLE_CODE = YES;
				CLANG_WARN__DUPLICATE_METHOD_MATCH = YES;
				COPY_PHASE_STRIP = NO;
				DEBUG_INFORMATION_FORMAT = dwarf;
				DEVELOPMENT_TEAM = C37927XKUL;
				ENABLE_STRICT_OBJC_MSGSEND = YES;
				ENABLE_TESTABILITY = YES;
				ENABLE_USER_SCRIPT_SANDBOXING = YES;
				GCC_C_LANGUAGE_STANDARD = gnu17;
				GCC_DYNAMIC_NO_PIC = NO;
				GCC_NO_COMMON_BLOCKS = YES;
				GCC_OPTIMIZATION_LEVEL = 0;
				GCC_PREPROCESSOR_DEFINITIONS = (
					"DEBUG=1",
					"$(inherited)",
				);
				GCC_WARN_64_TO_32_BIT_CONVERSION = YES;
				GCC_WARN_ABOUT_RETURN_TYPE = YES_ERROR;
				GCC_WARN_UNDECLARED_SELECTOR = YES;
				GCC_WARN_UNINITIALIZED_AUTOS = YES_AGGRESSIVE;
				GCC_WARN_UNUSED_FUNCTION = YES;
				GCC_WARN_UNUSED_VARIABLE = YES;
				IPHONEOS_DEPLOYMENT_TARGET = 18.4;
				LOCALIZATION_PREFERS_STRING_CATALOGS = YES;
				MTL_ENABLE_DEBUG_INFO = INCLUDE_SOURCE;
				MTL_FAST_MATH = YES;
				ONLY_ACTIVE_ARCH = YES;
				SDKROOT = iphoneos;
				STRING_CATALOG_GENERATE_SYMBOLS = YES;
				SWIFT_ACTIVE_COMPILATION_CONDITIONS = "DEBUG $(inherited)";
				SWIFT_OPTIMIZATION_LEVEL = "-Onone";
			};
			name = Debug;
		};
		912D4BCD2DAA278500F4BE80 /* Release */ = {
			isa = XCBuildConfiguration;
			buildSettings = {
				ALWAYS_SEARCH_USER_PATHS = NO;
				ASSETCATALOG_COMPILER_GENERATE_SWIFT_ASSET_SYMBOL_EXTENSIONS = YES;
				CLANG_ANALYZER_NONNULL = YES;
				CLANG_ANALYZER_NUMBER_OBJECT_CONVERSION = YES_AGGRESSIVE;
				CLANG_CXX_LANGUAGE_STANDARD = "gnu++20";
				CLANG_ENABLE_MODULES = YES;
				CLANG_ENABLE_OBJC_ARC = YES;
				CLANG_ENABLE_OBJC_WEAK = YES;
				CLANG_WARN_BLOCK_CAPTURE_AUTORELEASING = YES;
				CLANG_WARN_BOOL_CONVERSION = YES;
				CLANG_WARN_COMMA = YES;
				CLANG_WARN_CONSTANT_CONVERSION = YES;
				CLANG_WARN_DEPRECATED_OBJC_IMPLEMENTATIONS = YES;
				CLANG_WARN_DIRECT_OBJC_ISA_USAGE = YES_ERROR;
				CLANG_WARN_DOCUMENTATION_COMMENTS = YES;
				CLANG_WARN_EMPTY_BODY = YES;
				CLANG_WARN_ENUM_CONVERSION = YES;
				CLANG_WARN_INFINITE_RECURSION = YES;
				CLANG_WARN_INT_CONVERSION = YES;
				CLANG_WARN_NON_LITERAL_NULL_CONVERSION = YES;
				CLANG_WARN_OBJC_IMPLICIT_RETAIN_SELF = YES;
				CLANG_WARN_OBJC_LITERAL_CONVERSION = YES;
				CLANG_WARN_OBJC_ROOT_CLASS = YES_ERROR;
				CLANG_WARN_QUOTED_INCLUDE_IN_FRAMEWORK_HEADER = YES;
				CLANG_WARN_RANGE_LOOP_ANALYSIS = YES;
				CLANG_WARN_STRICT_PROTOTYPES = YES;
				CLANG_WARN_SUSPICIOUS_MOVE = YES;
				CLANG_WARN_UNGUARDED_AVAILABILITY = YES_AGGRESSIVE;
				CLANG_WARN_UNREACHABLE_CODE = YES;
				CLANG_WARN__DUPLICATE_METHOD_MATCH = YES;
				COPY_PHASE_STRIP = NO;
				DEBUG_INFORMATION_FORMAT = "dwarf-with-dsym";
				DEVELOPMENT_TEAM = C37927XKUL;
				ENABLE_NS_ASSERTIONS = NO;
				ENABLE_STRICT_OBJC_MSGSEND = YES;
				ENABLE_USER_SCRIPT_SANDBOXING = YES;
				GCC_C_LANGUAGE_STANDARD = gnu17;
				GCC_NO_COMMON_BLOCKS = YES;
				GCC_WARN_64_TO_32_BIT_CONVERSION = YES;
				GCC_WARN_ABOUT_RETURN_TYPE = YES_ERROR;
				GCC_WARN_UNDECLARED_SELECTOR = YES;
				GCC_WARN_UNINITIALIZED_AUTOS = YES_AGGRESSIVE;
				GCC_WARN_UNUSED_FUNCTION = YES;
				GCC_WARN_UNUSED_VARIABLE = YES;
				IPHONEOS_DEPLOYMENT_TARGET = 18.4;
				LOCALIZATION_PREFERS_STRING_CATALOGS = YES;
				MTL_ENABLE_DEBUG_INFO = NO;
				MTL_FAST_MATH = YES;
				SDKROOT = iphoneos;
				STRING_CATALOG_GENERATE_SYMBOLS = YES;
				SWIFT_COMPILATION_MODE = wholemodule;
				VALIDATE_PRODUCT = YES;
			};
			name = Release;
		};
		912D4BCF2DAA278500F4BE80 /* Debug */ = {
			isa = XCBuildConfiguration;
			buildSettings = {
				ASSETCATALOG_COMPILER_APPICON_NAME = AppIcon;
				ASSETCATALOG_COMPILER_GLOBAL_ACCENT_COLOR_NAME = AccentColor;
				CODE_SIGN_STYLE = Automatic;
				CURRENT_PROJECT_VERSION = 1;
				DEVELOPMENT_TEAM = C37927XKUL;
				ENABLE_APP_SANDBOX = YES;
				ENABLE_HARDENED_RUNTIME = YES;
				ENABLE_OUTGOING_NETWORK_CONNECTIONS = YES;
				ENABLE_PREVIEWS = YES;
				GENERATE_INFOPLIST_FILE = YES;
				INFOPLIST_KEY_UIApplicationSceneManifest_Generation = YES;
				INFOPLIST_KEY_UIApplicationSupportsIndirectInputEvents = YES;
				INFOPLIST_KEY_UILaunchScreen_Generation = YES;
				INFOPLIST_KEY_UISupportedInterfaceOrientations_iPad = "UIInterfaceOrientationPortrait UIInterfaceOrientationPortraitUpsideDown UIInterfaceOrientationLandscapeLeft UIInterfaceOrientationLandscapeRight";
				INFOPLIST_KEY_UISupportedInterfaceOrientations_iPhone = "UIInterfaceOrientationPortrait UIInterfaceOrientationLandscapeLeft UIInterfaceOrientationLandscapeRight";
				LD_RUNPATH_SEARCH_PATHS = (
					"$(inherited)",
					"@executable_path/Frameworks",
				);
				MACOSX_DEPLOYMENT_TARGET = 15.6;
				MARKETING_VERSION = 1.0;
				PRODUCT_BUNDLE_IDENTIFIER = com.larryburris.DevTaskManager;
				PRODUCT_NAME = "$(TARGET_NAME)";
				REGISTER_APP_GROUPS = YES;
				SUPPORTED_PLATFORMS = "iphoneos iphonesimulator macosx";
				SUPPORTS_MACCATALYST = NO;
				SWIFT_EMIT_LOC_STRINGS = YES;
				SWIFT_VERSION = 5.0;
				TARGETED_DEVICE_FAMILY = "1,2";
			};
			name = Debug;
		};
		912D4BD02DAA278500F4BE80 /* Release */ = {
			isa = XCBuildConfiguration;
			buildSettings = {
				ASSETCATALOG_COMPILER_APPICON_NAME = AppIcon;
				ASSETCATALOG_COMPILER_GLOBAL_ACCENT_COLOR_NAME = AccentColor;
				CODE_SIGN_STYLE = Automatic;
				CURRENT_PROJECT_VERSION = 1;
				DEVELOPMENT_TEAM = C37927XKUL;
				ENABLE_APP_SANDBOX = YES;
				ENABLE_HARDENED_RUNTIME = YES;
				ENABLE_OUTGOING_NETWORK_CONNECTIONS = YES;
				ENABLE_PREVIEWS = YES;
				GENERATE_INFOPLIST_FILE = YES;
				INFOPLIST_KEY_UIApplicationSceneManifest_Generation = YES;
				INFOPLIST_KEY_UIApplicationSupportsIndirectInputEvents = YES;
				INFOPLIST_KEY_UILaunchScreen_Generation = YES;
				INFOPLIST_KEY_UISupportedInterfaceOrientations_iPad = "UIInterfaceOrientationPortrait UIInterfaceOrientationPortraitUpsideDown UIInterfaceOrientationLandscapeLeft UIInterfaceOrientationLandscapeRight";
				INFOPLIST_KEY_UISupportedInterfaceOrientations_iPhone = "UIInterfaceOrientationPortrait UIInterfaceOrientationLandscapeLeft UIInterfaceOrientationLandscapeRight";
				LD_RUNPATH_SEARCH_PATHS = (
					"$(inherited)",
					"@executable_path/Frameworks",
				);
				MACOSX_DEPLOYMENT_TARGET = 15.6;
				MARKETING_VERSION = 1.0;
				PRODUCT_BUNDLE_IDENTIFIER = com.larryburris.DevTaskManager;
				PRODUCT_NAME = "$(TARGET_NAME)";
				REGISTER_APP_GROUPS = YES;
				SUPPORTED_PLATFORMS = "iphoneos iphonesimulator macosx";
				SUPPORTS_MACCATALYST = NO;
				SWIFT_EMIT_LOC_STRINGS = YES;
				SWIFT_VERSION = 5.0;
				TARGETED_DEVICE_FAMILY = "1,2";
			};
			name = Release;
		};
		912D4BD22DAA278500F4BE80 /* Debug */ = {
			isa = XCBuildConfiguration;
			buildSettings = {
				BUNDLE_LOADER = "$(TEST_HOST)";
				CODE_SIGN_STYLE = Automatic;
				CURRENT_PROJECT_VERSION = 1;
				DEVELOPMENT_TEAM = C37927XKUL;
				GENERATE_INFOPLIST_FILE = YES;
				IPHONEOS_DEPLOYMENT_TARGET = 18.4;
				MARKETING_VERSION = 1.0;
				PRODUCT_BUNDLE_IDENTIFIER = com.larryburris.DevTaskManagerTests;
				PRODUCT_NAME = "$(TARGET_NAME)";
				SWIFT_EMIT_LOC_STRINGS = NO;
				SWIFT_VERSION = 5.0;
				TARGETED_DEVICE_FAMILY = "1,2";
				TEST_HOST = "$(BUILT_PRODUCTS_DIR)/DevTaskManager.app/$(BUNDLE_EXECUTABLE_FOLDER_PATH)/DevTaskManager";
			};
			name = Debug;
		};
		912D4BD32DAA278500F4BE80 /* Release */ = {
			isa = XCBuildConfiguration;
			buildSettings = {
				BUNDLE_LOADER = "$(TEST_HOST)";
				CODE_SIGN_STYLE = Automatic;
				CURRENT_PROJECT_VERSION = 1;
				DEVELOPMENT_TEAM = C37927XKUL;
				GENERATE_INFOPLIST_FILE = YES;
				IPHONEOS_DEPLOYMENT_TARGET = 18.4;
				MARKETING_VERSION = 1.0;
				PRODUCT_BUNDLE_IDENTIFIER = com.larryburris.DevTaskManagerTests;
				PRODUCT_NAME = "$(TARGET_NAME)";
				SWIFT_EMIT_LOC_STRINGS = NO;
				SWIFT_VERSION = 5.0;
				TARGETED_DEVICE_FAMILY = "1,2";
				TEST_HOST = "$(BUILT_PRODUCTS_DIR)/DevTaskManager.app/$(BUNDLE_EXECUTABLE_FOLDER_PATH)/DevTaskManager";
			};
			name = Release;
		};
		912D4BD52DAA278500F4BE80 /* Debug */ = {
			isa = XCBuildConfiguration;
			buildSettings = {
				CODE_SIGN_STYLE = Automatic;
				CURRENT_PROJECT_VERSION = 1;
				DEVELOPMENT_TEAM = C37927XKUL;
				GENERATE_INFOPLIST_FILE = YES;
				MARKETING_VERSION = 1.0;
				PRODUCT_BUNDLE_IDENTIFIER = com.larryburris.DevTaskManagerUITests;
				PRODUCT_NAME = "$(TARGET_NAME)";
				SWIFT_EMIT_LOC_STRINGS = NO;
				SWIFT_VERSION = 5.0;
				TARGETED_DEVICE_FAMILY = "1,2";
				TEST_TARGET_NAME = DevTaskManager;
			};
			name = Debug;
		};
		912D4BD62DAA278500F4BE80 /* Release */ = {
			isa = XCBuildConfiguration;
			buildSettings = {
				CODE_SIGN_STYLE = Automatic;
				CURRENT_PROJECT_VERSION = 1;
				DEVELOPMENT_TEAM = C37927XKUL;
				GENERATE_INFOPLIST_FILE = YES;
				MARKETING_VERSION = 1.0;
				PRODUCT_BUNDLE_IDENTIFIER = com.larryburris.DevTaskManagerUITests;
				PRODUCT_NAME = "$(TARGET_NAME)";
				SWIFT_EMIT_LOC_STRINGS = NO;
				SWIFT_VERSION = 5.0;
				TARGETED_DEVICE_FAMILY = "1,2";
				TEST_TARGET_NAME = DevTaskManager;
			};
			name = Release;
		};
		91BB68142F49741000FA6035 /* Debug */ = {
			isa = XCBuildConfiguration;
			buildSettings = {
				CODE_SIGN_STYLE = Automatic;
				CURRENT_PROJECT_VERSION = 1;
				DEVELOPMENT_TEAM = C37927XKUL;
				GENERATE_INFOPLIST_FILE = YES;
				MACOSX_DEPLOYMENT_TARGET = 14.6;
				MARKETING_VERSION = 1.0;
				PRODUCT_BUNDLE_IDENTIFIER = com.larryburris.DevTaskManagerMac;
				PRODUCT_NAME = "$(TARGET_NAME)";
				SDKROOT = macosx;
				STRING_CATALOG_GENERATE_SYMBOLS = NO;
				SWIFT_APPROACHABLE_CONCURRENCY = YES;
				SWIFT_EMIT_LOC_STRINGS = NO;
				SWIFT_UPCOMING_FEATURE_MEMBER_IMPORT_VISIBILITY = YES;
				SWIFT_VERSION = 5.0;
			};
			name = Debug;
		};
		91BB68152F49741000FA6035 /* Release */ = {
			isa = XCBuildConfiguration;
			buildSettings = {
				CODE_SIGN_STYLE = Automatic;
				CURRENT_PROJECT_VERSION = 1;
				DEVELOPMENT_TEAM = C37927XKUL;
				GENERATE_INFOPLIST_FILE = YES;
				MACOSX_DEPLOYMENT_TARGET = 14.6;
				MARKETING_VERSION = 1.0;
				PRODUCT_BUNDLE_IDENTIFIER = com.larryburris.DevTaskManagerMac;
				PRODUCT_NAME = "$(TARGET_NAME)";
				SDKROOT = macosx;
				STRING_CATALOG_GENERATE_SYMBOLS = NO;
				SWIFT_APPROACHABLE_CONCURRENCY = YES;
				SWIFT_EMIT_LOC_STRINGS = NO;
				SWIFT_UPCOMING_FEATURE_MEMBER_IMPORT_VISIBILITY = YES;
				SWIFT_VERSION = 5.0;
			};
			name = Release;
		};
/* End XCBuildConfiguration section */

/* Begin XCConfigurationList section */
		912D4BA82DAA278400F4BE80 /* Build configuration list for PBXProject "DevTaskManager" */ = {
			isa = XCConfigurationList;
			buildConfigurations = (
				912D4BCC2DAA278500F4BE80 /* Debug */,
				912D4BCD2DAA278500F4BE80 /* Release */,
			);
			defaultConfigurationIsVisible = 0;
			defaultConfigurationName = Release;
		};
		912D4BCE2DAA278500F4BE80 /* Build configuration list for PBXNativeTarget "DevTaskManager" */ = {
			isa = XCConfigurationList;
			buildConfigurations = (
				912D4BCF2DAA278500F4BE80 /* Debug */,
				912D4BD02DAA278500F4BE80 /* Release */,
			);
			defaultConfigurationIsVisible = 0;
			defaultConfigurationName = Release;
		};
		912D4BD12DAA278500F4BE80 /* Build configuration list for PBXNativeTarget "DevTaskManagerTests" */ = {
			isa = XCConfigurationList;
			buildConfigurations = (
				912D4BD22DAA278500F4BE80 /* Debug */,
				912D4BD32DAA278500F4BE80 /* Release */,
			);
			defaultConfigurationIsVisible = 0;
			defaultConfigurationName = Release;
		};
		912D4BD42DAA278500F4BE80 /* Build configuration list for PBXNativeTarget "DevTaskManagerUITests" */ = {
			isa = XCConfigurationList;
			buildConfigurations = (
				912D4BD52DAA278500F4BE80 /* Debug */,
				912D4BD62DAA278500F4BE80 /* Release */,
			);
			defaultConfigurationIsVisible = 0;
			defaultConfigurationName = Release;
		};
		91BB68132F49741000FA6035 /* Build configuration list for PBXNativeTarget "DevTaskManagerMac" */ = {
			isa = XCConfigurationList;
			buildConfigurations = (
				91BB68142F49741000FA6035 /* Debug */,
				91BB68152F49741000FA6035 /* Release */,
			);
			defaultConfigurationIsVisible = 0;
			defaultConfigurationName = Release;
		};
/* End XCConfigurationList section */
	};
	rootObject = 912D4BA52DAA278400F4BE80 /* Project object */;
}
